
Microsoft Visual Studio Solution File, Format Version 12.00
# Visual Studio Version 16
VisualStudioVersion = 16.0.30320.27
MinimumVisualStudioVersion = 10.0.40219.1
Project("{FAE04EC0-301F-11D3-BF4B-00C04F79EFBC}") = "API-PetShop", "API-PetShop.csproj", "{384B0220-0DE1-47B8-AE3B-9C10CA4FF809}"
EndProject
Global
	GlobalSection(SolutionConfigurationPlatforms) = preSolution
		Debug|Any CPU = Debug|Any CPU
		Release|Any CPU = Release|Any CPU
	EndGlobalSection
	GlobalSection(ProjectConfigurationPlatforms) = postSolution
		{384B0220-0DE1-47B8-AE3B-9C10CA4FF809}.Debug|Any CPU.ActiveCfg = Debug|Any CPU
		{384B0220-0DE1-47B8-AE3B-9C10CA4FF809}.Debug|Any CPU.Build.0 = Debug|Any CPU
		{384B0220-0DE1-47B8-AE3B-9C10CA4FF809}.Release|Any CPU.ActiveCfg = Release|Any CPU
		{384B0220-0DE1-47B8-AE3B-9C10CA4FF809}.Release|Any CPU.Build.0 = Release|Any CPU
	EndGlobalSection
	GlobalSection(SolutionProperties) = preSolution
		HideSolutionNode = FALSE
	EndGlobalSection
	GlobalSection(ExtensibilityGlobals) = postSolution
		SolutionGuid = {F786C70F-AEE7-49D9-B8DB-5214991C81C8}
	EndGlobalSection
EndGlobal
